{
  "originHash" : "1df9b0736dda4c57ea8a0fcba23d076c09d8341aa929b03961719914b7ae0cea",
  "pins" : [
    {
      "identity" : "cmdarglibcore",
      "kind" : "remoteSourceControl",
      "location" : "https://github.com/ouser4629/CmdArgLibCore.git",
      "state" : {
        "branch" : "main",
        "revision" : "5beadc6a6f8e4ca56c685faca9bdde2048e60621"
      }
    }
  ],
  "version" : 3
}
